<?xml version="1.0" encoding="utf-8"?>
<Project ToolsVersion="4.0" xmlns="http://schemas.microsoft.com/developer/msbuild/2003">
  <ItemGroup>
    <ClCompile Include="src\ofApp.cpp">
      <Filter>src</Filter>
    </ClCompile>
    <ClCompile Include="src\main.cpp">
      <Filter>src</Filter>
    </ClCompile>
    <ClCompile Include="src\main.cpp">
      <Filter>src</Filter>
    </ClCompile>
    <ClCompile Include="src\ofApp.cpp">
      <Filter>src</Filter>
    </ClCompile>
    <ClCompile Include="src\ofoInput.cpp">
      <Filter>src</Filter>
    </ClCompile>
    <ClCompile Include="src\ofoManager.cpp">
      <Filter>src</Filter>
    </ClCompile>
    <ClCompile Include="src\ofoProject.cpp">
      <Filter>src</Filter>
    </ClCompile>
    <ClCompile Include="src\ofoScenes.cpp">
      <Filter>src</Filter>
    </ClCompile>
    <ClCompile Include="src\ofxShadertoy.cpp">
      <Filter>src</Filter>
    </ClCompile>
    <ClCompile Include="..\..\..\addons\ofxGui\src\ofxBaseGui.cpp">
      <Filter>addons\ofxGui\src</Filter>
    </ClCompile>
    <ClCompile Include="..\..\..\addons\ofxGui\src\ofxButton.cpp">
      <Filter>addons\ofxGui\src</Filter>
    </ClCompile>
    <ClCompile Include="..\..\..\addons\ofxGui\src\ofxColorPicker.cpp">
      <Filter>addons\ofxGui\src</Filter>
    </ClCompile>
    <ClCompile Include="..\..\..\addons\ofxGui\src\ofxGuiGroup.cpp">
      <Filter>addons\ofxGui\src</Filter>
    </ClCompile>
    <ClCompile Include="..\..\..\addons\ofxGui\src\ofxInputField.cpp">
      <Filter>addons\ofxGui\src</Filter>
    </ClCompile>
    <ClCompile Include="..\..\..\addons\ofxGui\src\ofxLabel.cpp">
      <Filter>addons\ofxGui\src</Filter>
    </ClCompile>
    <ClCompile Include="..\..\..\addons\ofxGui\src\ofxPanel.cpp">
      <Filter>addons\ofxGui\src</Filter>
    </ClCompile>
    <ClCompile Include="..\..\..\addons\ofxGui\src\ofxSlider.cpp">
      <Filter>addons\ofxGui\src</Filter>
    </ClCompile>
    <ClCompile Include="..\..\..\addons\ofxGui\src\ofxSliderGroup.cpp">
      <Filter>addons\ofxGui\src</Filter>
    </ClCompile>
    <ClCompile Include="..\..\..\addons\ofxGui\src\ofxToggle.cpp">
      <Filter>addons\ofxGui\src</Filter>
    </ClCompile>
    <ClCompile Include="..\..\..\addons\ofxMidi\src\desktop\ofxRtMidiIn.cpp">
      <Filter>addons\ofxMidi\src\desktop</Filter>
    </ClCompile>
    <ClCompile Include="..\..\..\addons\ofxMidi\src\desktop\ofxRtMidiOut.cpp">
      <Filter>addons\ofxMidi\src\desktop</Filter>
    </ClCompile>
    <ClCompile Include="..\..\..\addons\ofxMidi\src\ofxBaseMidi.cpp">
      <Filter>addons\ofxMidi\src</Filter>
    </ClCompile>
    <ClCompile Include="..\..\..\addons\ofxMidi\src\ofxMidi.cpp">
      <Filter>addons\ofxMidi\src</Filter>
    </ClCompile>
    <ClCompile Include="..\..\..\addons\ofxMidi\src\ofxMidiClock.cpp">
      <Filter>addons\ofxMidi\src</Filter>
    </ClCompile>
    <ClCompile Include="..\..\..\addons\ofxMidi\src\ofxMidiIn.cpp">
      <Filter>addons\ofxMidi\src</Filter>
    </ClCompile>
    <ClCompile Include="..\..\..\addons\ofxMidi\src\ofxMidiMessage.cpp">
      <Filter>addons\ofxMidi\src</Filter>
    </ClCompile>
    <ClCompile Include="..\..\..\addons\ofxMidi\src\ofxMidiOut.cpp">
      <Filter>addons\ofxMidi\src</Filter>
    </ClCompile>
    <ClCompile Include="..\..\..\addons\ofxMidi\src\ofxMidiTimecode.cpp">
      <Filter>addons\ofxMidi\src</Filter>
    </ClCompile>
    <ClCompile Include="..\..\..\addons\ofxMidi\libs\rtmidi\RtMidi.cpp">
      <Filter>addons\ofxMidi\libs\rtmidi</Filter>
    </ClCompile>
    <ClCompile Include="..\..\..\addons\ofxOsc\src\ofxOscBundle.cpp">
      <Filter>addons\ofxOsc\src</Filter>
    </ClCompile>
    <ClCompile Include="..\..\..\addons\ofxOsc\src\ofxOscMessage.cpp">
      <Filter>addons\ofxOsc\src</Filter>
    </ClCompile>
    <ClCompile Include="..\..\..\addons\ofxOsc\src\ofxOscParameterSync.cpp">
      <Filter>addons\ofxOsc\src</Filter>
    </ClCompile>
    <ClCompile Include="..\..\..\addons\ofxOsc\src\ofxOscReceiver.cpp">
      <Filter>addons\ofxOsc\src</Filter>
    </ClCompile>
    <ClCompile Include="..\..\..\addons\ofxOsc\src\ofxOscSender.cpp">
      <Filter>addons\ofxOsc\src</Filter>
    </ClCompile>
    <ClCompile Include="..\..\..\addons\ofxOsc\libs\oscpack\src\ip\IpEndpointName.cpp">
      <Filter>addons\ofxOsc\libs\oscpack\src\ip</Filter>
    </ClCompile>
    <ClCompile Include="..\..\..\addons\ofxOsc\libs\oscpack\src\ip\win32\NetworkingUtils.cpp">
      <Filter>addons\ofxOsc\libs\oscpack\src\ip\win32</Filter>
    </ClCompile>
    <ClCompile Include="..\..\..\addons\ofxOsc\libs\oscpack\src\ip\win32\UdpSocket.cpp">
      <Filter>addons\ofxOsc\libs\oscpack\src\ip\win32</Filter>
    </ClCompile>
    <ClCompile Include="..\..\..\addons\ofxOsc\libs\oscpack\src\osc\OscOutboundPacketStream.cpp">
      <Filter>addons\ofxOsc\libs\oscpack\src\osc</Filter>
    </ClCompile>
    <ClCompile Include="..\..\..\addons\ofxOsc\libs\oscpack\src\osc\OscPrintReceivedElements.cpp">
      <Filter>addons\ofxOsc\libs\oscpack\src\osc</Filter>
    </ClCompile>
    <ClCompile Include="..\..\..\addons\ofxOsc\libs\oscpack\src\osc\OscReceivedElements.cpp">
      <Filter>addons\ofxOsc\libs\oscpack\src\osc</Filter>
    </ClCompile>
    <ClCompile Include="..\..\..\addons\ofxOsc\libs\oscpack\src\osc\OscTypes.cpp">
      <Filter>addons\ofxOsc\libs\oscpack\src\osc</Filter>
    </ClCompile>
  </ItemGroup>
  <ItemGroup>
    <Filter Include="src">
      <UniqueIdentifier>{d8376475-7454-4a24-b08a-aac121d3ad6f}</UniqueIdentifier>
    </Filter>
    <Filter Include="addons">
      <UniqueIdentifier>{5723E0B0--DB3-C-40-21-9-BEC-31BF05544359}</UniqueIdentifier>
    </Filter>
    <Filter Include="addons\ofxGui">
      <UniqueIdentifier>{C1632FA3--97E-3-4C-99-9-424-F5926473C95F}</UniqueIdentifier>
    </Filter>
    <Filter Include="addons\ofxGui\src">
      <UniqueIdentifier>{A8846378--3B1-4-45-9A-9-668-F667ACE2631E}</UniqueIdentifier>
    </Filter>
    <Filter Include="addons\ofxMidi">
      <UniqueIdentifier>{92462C8E--CCC-D-4E-69-B-3B5-F42F111B61A7}</UniqueIdentifier>
    </Filter>
    <Filter Include="addons\ofxMidi\src">
      <UniqueIdentifier>{602ECE98--090-C-4C-ED-B-7B6-BA6A1B6B7F8E}</UniqueIdentifier>
    </Filter>
    <Filter Include="addons\ofxMidi\src\desktop">
      <UniqueIdentifier>{29454163--42D-2-43-37-9-3B7-31681C7BDD84}</UniqueIdentifier>
    </Filter>
    <Filter Include="addons\ofxMidi\libs">
      <UniqueIdentifier>{CF9F87F7--3D4-4-43-FC-A-4FA-E43723CDAAFE}</UniqueIdentifier>
    </Filter>
    <Filter Include="addons\ofxMidi\libs\rtmidi">
      <UniqueIdentifier>{CE0A83DA--7AC-0-48-E9-8-4C5-7594375A2F8A}</UniqueIdentifier>
    </Filter>
    <Filter Include="addons\ofxOsc">
      <UniqueIdentifier>{79327AA5--AF5-9-40-04-A-660-6FF39FF5260F}</UniqueIdentifier>
    </Filter>
    <Filter Include="addons\ofxOsc\src">
      <UniqueIdentifier>{4F9E2D35--4A8-B-48-77-B-DEC-7D9E0E42DAA3}</UniqueIdentifier>
    </Filter>
    <Filter Include="addons\ofxOsc\libs">
      <UniqueIdentifier>{55DD30E6--C7D-5-44-CF-9-25A-604FE0790575}</UniqueIdentifier>
    </Filter>
    <Filter Include="addons\ofxOsc\libs\oscpack">
      <UniqueIdentifier>{CE1061C5--4CB-3-44-E3-A-950-B443F15F1209}</UniqueIdentifier>
    </Filter>
    <Filter Include="addons\ofxOsc\libs\oscpack\src">
      <UniqueIdentifier>{CC4E5B47--51F-E-48-DD-B-2A0-351F7FC586BA}</UniqueIdentifier>
    </Filter>
    <Filter Include="addons\ofxOsc\libs\oscpack\src\ip">
      <UniqueIdentifier>{AEC12E63--186-4-4D-A5-8-B5A-C1E46A30239E}</UniqueIdentifier>
    </Filter>
    <Filter Include="addons\ofxOsc\libs\oscpack\src\ip\win32">
      <UniqueIdentifier>{11234524--704-B-41-B6-9-B14-F839A873FDB0}</UniqueIdentifier>
    </Filter>
    <Filter Include="addons\ofxOsc\libs\oscpack\src\osc">
      <UniqueIdentifier>{0ABF9EF5--505-C-40-DE-B-8E4-681CEC9CF968}</UniqueIdentifier>
    </Filter>
  </ItemGroup>
  <ItemGroup>
    <ClInclude Include="src\ofApp.h">
      <Filter>src</Filter>
    </ClInclude>
    <ClInclude Include="src\ofApp.h">
      <Filter>src</Filter>
    </ClInclude>
    <ClInclude Include="src\ofoInput.h">
      <Filter>src</Filter>
    </ClInclude>
    <ClInclude Include="src\ofoManager.h">
      <Filter>src</Filter>
    </ClInclude>
    <ClInclude Include="src\ofoProject.h">
      <Filter>src</Filter>
    </ClInclude>
    <ClInclude Include="src\ofoScenes.h">
      <Filter>src</Filter>
    </ClInclude>
    <ClInclude Include="src\ofoUtils.h">
      <Filter>src</Filter>
    </ClInclude>
    <ClInclude Include="src\ofxShadertoy.h">
      <Filter>src</Filter>
    </ClInclude>
    <ClInclude Include="..\..\..\addons\ofxGui\src\ofxBaseGui.h">
      <Filter>addons\ofxGui\src</Filter>
    </ClInclude>
    <ClInclude Include="..\..\..\addons\ofxGui\src\ofxButton.h">
      <Filter>addons\ofxGui\src</Filter>
    </ClInclude>
    <ClInclude Include="..\..\..\addons\ofxGui\src\ofxColorPicker.h">
      <Filter>addons\ofxGui\src</Filter>
    </ClInclude>
    <ClInclude Include="..\..\..\addons\ofxGui\src\ofxGui.h">
      <Filter>addons\ofxGui\src</Filter>
    </ClInclude>
    <ClInclude Include="..\..\..\addons\ofxGui\src\ofxGuiGroup.h">
      <Filter>addons\ofxGui\src</Filter>
    </ClInclude>
    <ClInclude Include="..\..\..\addons\ofxGui\src\ofxGuiUtils.h">
      <Filter>addons\ofxGui\src</Filter>
    </ClInclude>
    <ClInclude Include="..\..\..\addons\ofxGui\src\ofxInputField.h">
      <Filter>addons\ofxGui\src</Filter>
    </ClInclude>
    <ClInclude Include="..\..\..\addons\ofxGui\src\ofxLabel.h">
      <Filter>addons\ofxGui\src</Filter>
    </ClInclude>
    <ClInclude Include="..\..\..\addons\ofxGui\src\ofxPanel.h">
      <Filter>addons\ofxGui\src</Filter>
    </ClInclude>
    <ClInclude Include="..\..\..\addons\ofxGui\src\ofxSlider.h">
      <Filter>addons\ofxGui\src</Filter>
    </ClInclude>
    <ClInclude Include="..\..\..\addons\ofxGui\src\ofxSliderGroup.h">
      <Filter>addons\ofxGui\src</Filter>
    </ClInclude>
    <ClInclude Include="..\..\..\addons\ofxGui\src\ofxToggle.h">
      <Filter>addons\ofxGui\src</Filter>
    </ClInclude>
    <ClInclude Include="..\..\..\addons\ofxMidi\src\desktop\ofxRtMidiIn.h">
      <Filter>addons\ofxMidi\src\desktop</Filter>
    </ClInclude>
    <ClInclude Include="..\..\..\addons\ofxMidi\src\desktop\ofxRtMidiOut.h">
      <Filter>addons\ofxMidi\src\desktop</Filter>
    </ClInclude>
    <ClInclude Include="..\..\..\addons\ofxMidi\src\ofxBaseMidi.h">
      <Filter>addons\ofxMidi\src</Filter>
    </ClInclude>
    <ClInclude Include="..\..\..\addons\ofxMidi\src\ofxMidi.h">
      <Filter>addons\ofxMidi\src</Filter>
    </ClInclude>
    <ClInclude Include="..\..\..\addons\ofxMidi\src\ofxMidiClock.h">
      <Filter>addons\ofxMidi\src</Filter>
    </ClInclude>
    <ClInclude Include="..\..\..\addons\ofxMidi\src\ofxMidiConstants.h">
      <Filter>addons\ofxMidi\src</Filter>
    </ClInclude>
    <ClInclude Include="..\..\..\addons\ofxMidi\src\ofxMidiIn.h">
      <Filter>addons\ofxMidi\src</Filter>
    </ClInclude>
    <ClInclude Include="..\..\..\addons\ofxMidi\src\ofxMidiMessage.h">
      <Filter>addons\ofxMidi\src</Filter>
    </ClInclude>
    <ClInclude Include="..\..\..\addons\ofxMidi\src\ofxMidiOut.h">
      <Filter>addons\ofxMidi\src</Filter>
    </ClInclude>
    <ClInclude Include="..\..\..\addons\ofxMidi\src\ofxMidiTimecode.h">
      <Filter>addons\ofxMidi\src</Filter>
    </ClInclude>
    <ClInclude Include="..\..\..\addons\ofxMidi\src\ofxMidiTypes.h">
      <Filter>addons\ofxMidi\src</Filter>
    </ClInclude>
    <ClInclude Include="..\..\..\addons\ofxMidi\libs\rtmidi\RtMidi.h">
      <Filter>addons\ofxMidi\libs\rtmidi</Filter>
    </ClInclude>
    <ClInclude Include="..\..\..\addons\ofxOsc\src\ofxOsc.h">
      <Filter>addons\ofxOsc\src</Filter>
    </ClInclude>
    <ClInclude Include="..\..\..\addons\ofxOsc\src\ofxOscArg.h">
      <Filter>addons\ofxOsc\src</Filter>
    </ClInclude>
    <ClInclude Include="..\..\..\addons\ofxOsc\src\ofxOscBundle.h">
      <Filter>addons\ofxOsc\src</Filter>
    </ClInclude>
    <ClInclude Include="..\..\..\addons\ofxOsc\src\ofxOscMessage.h">
      <Filter>addons\ofxOsc\src</Filter>
    </ClInclude>
    <ClInclude Include="..\..\..\addons\ofxOsc\src\ofxOscParameterSync.h">
      <Filter>addons\ofxOsc\src</Filter>
    </ClInclude>
    <ClInclude Include="..\..\..\addons\ofxOsc\src\ofxOscReceiver.h">
      <Filter>addons\ofxOsc\src</Filter>
    </ClInclude>
    <ClInclude Include="..\..\..\addons\ofxOsc\src\ofxOscSender.h">
      <Filter>addons\ofxOsc\src</Filter>
    </ClInclude>
    <ClInclude Include="..\..\..\addons\ofxOsc\libs\oscpack\src\ip\IpEndpointName.h">
      <Filter>addons\ofxOsc\libs\oscpack\src\ip</Filter>
    </ClInclude>
    <ClInclude Include="..\..\..\addons\ofxOsc\libs\oscpack\src\ip\NetworkingUtils.h">
      <Filter>addons\ofxOsc\libs\oscpack\src\ip</Filter>
    </ClInclude>
    <ClInclude Include="..\..\..\addons\ofxOsc\libs\oscpack\src\ip\PacketListener.h">
      <Filter>addons\ofxOsc\libs\oscpack\src\ip</Filter>
    </ClInclude>
    <ClInclude Include="..\..\..\addons\ofxOsc\libs\oscpack\src\ip\TimerListener.h">
      <Filter>addons\ofxOsc\libs\oscpack\src\ip</Filter>
    </ClInclude>
    <ClInclude Include="..\..\..\addons\ofxOsc\libs\oscpack\src\ip\UdpSocket.h">
      <Filter>addons\ofxOsc\libs\oscpack\src\ip</Filter>
    </ClInclude>
    <ClInclude Include="..\..\..\addons\ofxOsc\libs\oscpack\src\osc\MessageMappingOscPacketListener.h">
      <Filter>addons\ofxOsc\libs\oscpack\src\osc</Filter>
    </ClInclude>
    <ClInclude Include="..\..\..\addons\ofxOsc\libs\oscpack\src\osc\OscException.h">
      <Filter>addons\ofxOsc\libs\oscpack\src\osc</Filter>
    </ClInclude>
    <ClInclude Include="..\..\..\addons\ofxOsc\libs\oscpack\src\osc\OscHostEndianness.h">
      <Filter>addons\ofxOsc\libs\oscpack\src\osc</Filter>
    </ClInclude>
    <ClInclude Include="..\..\..\addons\ofxOsc\libs\oscpack\src\osc\OscOutboundPacketStream.h">
      <Filter>addons\ofxOsc\libs\oscpack\src\osc</Filter>
    </ClInclude>
    <ClInclude Include="..\..\..\addons\ofxOsc\libs\oscpack\src\osc\OscPacketListener.h">
      <Filter>addons\ofxOsc\libs\oscpack\src\osc</Filter>
    </ClInclude>
    <ClInclude Include="..\..\..\addons\ofxOsc\libs\oscpack\src\osc\OscPrintReceivedElements.h">
      <Filter>addons\ofxOsc\libs\oscpack\src\osc</Filter>
    </ClInclude>
    <ClInclude Include="..\..\..\addons\ofxOsc\libs\oscpack\src\osc\OscReceivedElements.h">
      <Filter>addons\ofxOsc\libs\oscpack\src\osc</Filter>
    </ClInclude>
    <ClInclude Include="..\..\..\addons\ofxOsc\libs\oscpack\src\osc\OscTypes.h">
      <Filter>addons\ofxOsc\libs\oscpack\src\osc</Filter>
    </ClInclude>
    <ClInclude Include="src\ofoFilters.h">
      <Filter>src</Filter>
    </ClInclude>
  </ItemGroup>
  <ItemGroup>
    <ResourceCompile Include="icon.rc" />
  </ItemGroup>
</Project>